
Microsoft Visual Studio Solution File, Format Version 12.00
# Visual Studio 15
VisualStudioVersion = 15.0.27703.2018
MinimumVisualStudioVersion = 10.0.40219.1
Project("{FAE04EC0-301F-11D3-BF4B-00C04F79EFBC}") = "WindowsFormsApp1", "WindowsFormsApp1\WindowsFormsApp1.csproj", "{C34B364A-DB08-4BBC-9B77-EF75352EEAA5}"
EndProject
Global
	GlobalSection(SolutionConfigurationPlatforms) = preSolution
		Debug|Any CPU = Debug|Any CPU
		Release|Any CPU = Release|Any CPU
	EndGlobalSection
	GlobalSection(ProjectConfigurationPlatforms) = postSolution
		{C34B364A-DB08-4BBC-9B77-EF75352EEAA5}.Debug|Any CPU.ActiveCfg = Debug|Any CPU
		{C34B364A-DB08-4BBC-9B77-EF75352EEAA5}.Debug|Any CPU.Build.0 = Debug|Any CPU
		{C34B364A-DB08-4BBC-9B77-EF75352EEAA5}.Release|Any CPU.ActiveCfg = Release|Any CPU
		{C34B364A-DB08-4BBC-9B77-EF75352EEAA5}.Release|Any CPU.Build.0 = Release|Any CPU
	EndGlobalSection
	GlobalSection(SolutionProperties) = preSolution
		HideSolutionNode = FALSE
	EndGlobalSection
	GlobalSection(ExtensibilityGlobals) = postSolution
		SolutionGuid = {161DC35A-7E92-40F5-9176-4B1E0BB342E1}
	EndGlobalSection
EndGlobal
